// !$*UTF8*$!
{
	archiveVersion = 1;
	classes = {
	};
	objectVersion = 56;
	objects = {

/* Begin PBXBuildFile section */
		2784BB6F290CEF5E00739414 /* AppDelegate.swift in Sources */ = {isa = PBXBuildFile; fileRef = 2784BB6E290CEF5E00739414 /* AppDelegate.swift */; };
		2784BB71290CEF5E00739414 /* SceneDelegate.swift in Sources */ = {isa = PBXBuildFile; fileRef = 2784BB70290CEF5E00739414 /* SceneDelegate.swift */; };
		2784BB73290CEF5E00739414 /* HighSchoolListViewController.swift in Sources */ = {isa = PBXBuildFile; fileRef = 2784BB72290CEF5E00739414 /* HighSchoolListViewController.swift */; };
		2784BB79290CEF5E00739414 /* _0221031_RazibMollick_NYCSchools.xcdatamodeld in Sources */ = {isa = PBXBuildFile; fileRef = 2784BB77290CEF5E00739414 /* _0221031_RazibMollick_NYCSchools.xcdatamodeld */; };
		2784BB7B290CEF6000739414 /* Assets.xcassets in Resources */ = {isa = PBXBuildFile; fileRef = 2784BB7A290CEF6000739414 /* Assets.xcassets */; };
		2784BB7E290CEF6000739414 /* LaunchScreen.storyboard in Resources */ = {isa = PBXBuildFile; fileRef = 2784BB7C290CEF6000739414 /* LaunchScreen.storyboard */; };
		2784BB89290CEF6000739414 /* _0221031_RazibMollick_NYCSchoolsTests.swift in Sources */ = {isa = PBXBuildFile; fileRef = 2784BB88290CEF6000739414 /* _0221031_RazibMollick_NYCSchoolsTests.swift */; };
		2784BB93290CEF6000739414 /* _0221031_RazibMollick_NYCSchoolsUITests.swift in Sources */ = {isa = PBXBuildFile; fileRef = 2784BB92290CEF6000739414 /* _0221031_RazibMollick_NYCSchoolsUITests.swift */; };
		2784BB95290CEF6000739414 /* _0221031_RazibMollick_NYCSchoolsUITestsLaunchTests.swift in Sources */ = {isa = PBXBuildFile; fileRef = 2784BB94290CEF6000739414 /* _0221031_RazibMollick_NYCSchoolsUITestsLaunchTests.swift */; };
		2784BBA8290DF9D200739414 /* NetworkServiceError.swift in Sources */ = {isa = PBXBuildFile; fileRef = 2784BBA7290DF9D200739414 /* NetworkServiceError.swift */; };
		2784BBAA290DFA2B00739414 /* NetworkDispatcher.swift in Sources */ = {isa = PBXBuildFile; fileRef = 2784BBA9290DFA2B00739414 /* NetworkDispatcher.swift */; };
		2784BBAC290F811800739414 /* SchoolDataFetcher.swift in Sources */ = {isa = PBXBuildFile; fileRef = 2784BBAB290F811800739414 /* SchoolDataFetcher.swift */; };
		2784BBAF290F83E700739414 /* HighSchoolNameModel.swift in Sources */ = {isa = PBXBuildFile; fileRef = 2784BBAE290F83E700739414 /* HighSchoolNameModel.swift */; };
		2784BBB1290FB45E00739414 /* BaseCoordinator.swift in Sources */ = {isa = PBXBuildFile; fileRef = 2784BBB0290FB45E00739414 /* BaseCoordinator.swift */; };
		2784BBB3290FB7D300739414 /* HighSchoolListCoordinator.swift in Sources */ = {isa = PBXBuildFile; fileRef = 2784BBB2290FB7D300739414 /* HighSchoolListCoordinator.swift */; };
		2784BBB6290FC3B400739414 /* AppNavigationController.swift in Sources */ = {isa = PBXBuildFile; fileRef = 2784BBB5290FC3B400739414 /* AppNavigationController.swift */; };
/* End PBXBuildFile section */

/* Begin PBXContainerItemProxy section */
		2784BB85290CEF6000739414 /* PBXContainerItemProxy */ = {
			isa = PBXContainerItemProxy;
			containerPortal = 2784BB63290CEF5E00739414 /* Project object */;
			proxyType = 1;
			remoteGlobalIDString = 2784BB6A290CEF5E00739414;
			remoteInfo = "20221031-RazibMollick-NYCSchools";
		};
		2784BB8F290CEF6000739414 /* PBXContainerItemProxy */ = {
			isa = PBXContainerItemProxy;
			containerPortal = 2784BB63290CEF5E00739414 /* Project object */;
			proxyType = 1;
			remoteGlobalIDString = 2784BB6A290CEF5E00739414;
			remoteInfo = "20221031-RazibMollick-NYCSchools";
		};
/* End PBXContainerItemProxy section */

/* Begin PBXFileReference section */
		2784BB6B290CEF5E00739414 /* 20221031-RazibMollick-NYCSchools.app */ = {isa = PBXFileReference; explicitFileType = wrapper.application; includeInIndex = 0; path = "20221031-RazibMollick-NYCSchools.app"; sourceTree = BUILT_PRODUCTS_DIR; };
		2784BB6E290CEF5E00739414 /* AppDelegate.swift */ = {isa = PBXFileReference; lastKnownFileType = sourcecode.swift; path = AppDelegate.swift; sourceTree = "<group>"; };
		2784BB70290CEF5E00739414 /* SceneDelegate.swift */ = {isa = PBXFileReference; lastKnownFileType = sourcecode.swift; path = SceneDelegate.swift; sourceTree = "<group>"; };
		2784BB72290CEF5E00739414 /* HighSchoolListViewController.swift */ = {isa = PBXFileReference; lastKnownFileType = sourcecode.swift; path = HighSchoolListViewController.swift; sourceTree = "<group>"; };
		2784BB78290CEF5E00739414 /* _0221031_RazibMollick_NYCSchools.xcdatamodel */ = {isa = PBXFileReference; lastKnownFileType = wrapper.xcdatamodel; path = _0221031_RazibMollick_NYCSchools.xcdatamodel; sourceTree = "<group>"; };
		2784BB7A290CEF6000739414 /* Assets.xcassets */ = {isa = PBXFileReference; lastKnownFileType = folder.assetcatalog; path = Assets.xcassets; sourceTree = "<group>"; };
		2784BB7D290CEF6000739414 /* Base */ = {isa = PBXFileReference; lastKnownFileType = file.storyboard; name = Base; path = Base.lproj/LaunchScreen.storyboard; sourceTree = "<group>"; };
		2784BB7F290CEF6000739414 /* Info.plist */ = {isa = PBXFileReference; lastKnownFileType = text.plist.xml; path = Info.plist; sourceTree = "<group>"; };
		2784BB84290CEF6000739414 /* 20221031-RazibMollick-NYCSchoolsTests.xctest */ = {isa = PBXFileReference; explicitFileType = wrapper.cfbundle; includeInIndex = 0; path = "20221031-RazibMollick-NYCSchoolsTests.xctest"; sourceTree = BUILT_PRODUCTS_DIR; };
		2784BB88290CEF6000739414 /* _0221031_RazibMollick_NYCSchoolsTests.swift */ = {isa = PBXFileReference; lastKnownFileType = sourcecode.swift; path = _0221031_RazibMollick_NYCSchoolsTests.swift; sourceTree = "<group>"; };
		2784BB8E290CEF6000739414 /* 20221031-RazibMollick-NYCSchoolsUITests.xctest */ = {isa = PBXFileReference; explicitFileType = wrapper.cfbundle; includeInIndex = 0; path = "20221031-RazibMollick-NYCSchoolsUITests.xctest"; sourceTree = BUILT_PRODUCTS_DIR; };
		2784BB92290CEF6000739414 /* _0221031_RazibMollick_NYCSchoolsUITests.swift */ = {isa = PBXFileReference; lastKnownFileType = sourcecode.swift; path = _0221031_RazibMollick_NYCSchoolsUITests.swift; sourceTree = "<group>"; };
		2784BB94290CEF6000739414 /* _0221031_RazibMollick_NYCSchoolsUITestsLaunchTests.swift */ = {isa = PBXFileReference; lastKnownFileType = sourcecode.swift; path = _0221031_RazibMollick_NYCSchoolsUITestsLaunchTests.swift; sourceTree = "<group>"; };
		2784BBA7290DF9D200739414 /* NetworkServiceError.swift */ = {isa = PBXFileReference; lastKnownFileType = sourcecode.swift; path = NetworkServiceError.swift; sourceTree = "<group>"; };
		2784BBA9290DFA2B00739414 /* NetworkDispatcher.swift */ = {isa = PBXFileReference; lastKnownFileType = sourcecode.swift; path = NetworkDispatcher.swift; sourceTree = "<group>"; };
		2784BBAB290F811800739414 /* SchoolDataFetcher.swift */ = {isa = PBXFileReference; lastKnownFileType = sourcecode.swift; path = SchoolDataFetcher.swift; sourceTree = "<group>"; };
		2784BBAE290F83E700739414 /* HighSchoolNameModel.swift */ = {isa = PBXFileReference; lastKnownFileType = sourcecode.swift; path = HighSchoolNameModel.swift; sourceTree = "<group>"; };
		2784BBB0290FB45E00739414 /* BaseCoordinator.swift */ = {isa = PBXFileReference; lastKnownFileType = sourcecode.swift; path = BaseCoordinator.swift; sourceTree = "<group>"; };
		2784BBB2290FB7D300739414 /* HighSchoolListCoordinator.swift */ = {isa = PBXFileReference; lastKnownFileType = sourcecode.swift; path = HighSchoolListCoordinator.swift; sourceTree = "<group>"; };
		2784BBB5290FC3B400739414 /* AppNavigationController.swift */ = {isa = PBXFileReference; lastKnownFileType = sourcecode.swift; path = AppNavigationController.swift; sourceTree = "<group>"; };
/* End PBXFileReference section */

/* Begin PBXFrameworksBuildPhase section */
		2784BB68290CEF5E00739414 /* Frameworks */ = {
			isa = PBXFrameworksBuildPhase;
			buildActionMask = 2147483647;
			files = (
			);
			runOnlyForDeploymentPostprocessing = 0;
		};
		2784BB81290CEF6000739414 /* Frameworks */ = {
			isa = PBXFrameworksBuildPhase;
			buildActionMask = 2147483647;
			files = (
			);
			runOnlyForDeploymentPostprocessing = 0;
		};
		2784BB8B290CEF6000739414 /* Frameworks */ = {
			isa = PBXFrameworksBuildPhase;
			buildActionMask = 2147483647;
			files = (
			);
			runOnlyForDeploymentPostprocessing = 0;
		};
/* End PBXFrameworksBuildPhase section */

/* Begin PBXGroup section */
		2784BB62290CEF5E00739414 = {
			isa = PBXGroup;
			children = (
				2784BB6D290CEF5E00739414 /* 20221031-RazibMollick-NYCSchools */,
				2784BB87290CEF6000739414 /* 20221031-RazibMollick-NYCSchoolsTests */,
				2784BB91290CEF6000739414 /* 20221031-RazibMollick-NYCSchoolsUITests */,
				2784BB6C290CEF5E00739414 /* Products */,
			);
			sourceTree = "<group>";
		};
		2784BB6C290CEF5E00739414 /* Products */ = {
			isa = PBXGroup;
			children = (
				2784BB6B290CEF5E00739414 /* 20221031-RazibMollick-NYCSchools.app */,
				2784BB84290CEF6000739414 /* 20221031-RazibMollick-NYCSchoolsTests.xctest */,
				2784BB8E290CEF6000739414 /* 20221031-RazibMollick-NYCSchoolsUITests.xctest */,
			);
			name = Products;
			sourceTree = "<group>";
		};
		2784BB6D290CEF5E00739414 /* 20221031-RazibMollick-NYCSchools */ = {
			isa = PBXGroup;
			children = (
				2784BBB4290FC39B00739414 /* Common */,
				2784BBA1290CF65D00739414 /* AppDelegates */,
				2784BBA3290CF69C00739414 /* Coordinator */,
				2784BBA4290CF6F700739414 /* DataSource */,
				2784BB7F290CEF6000739414 /* Info.plist */,
				2784BBAD290F839800739414 /* Models */,
				2784BBA2290CF67600739414 /* Resources */,
				2784BBA5290CFF8D00739414 /* Services */,
				2784BBA6290D009D00739414 /* Views */,
			);
			path = "20221031-RazibMollick-NYCSchools";
			sourceTree = "<group>";
		};
		2784BB87290CEF6000739414 /* 20221031-RazibMollick-NYCSchoolsTests */ = {
			isa = PBXGroup;
			children = (
				2784BB88290CEF6000739414 /* _0221031_RazibMollick_NYCSchoolsTests.swift */,
			);
			path = "20221031-RazibMollick-NYCSchoolsTests";
			sourceTree = "<group>";
		};
		2784BB91290CEF6000739414 /* 20221031-RazibMollick-NYCSchoolsUITests */ = {
			isa = PBXGroup;
			children = (
				2784BB92290CEF6000739414 /* _0221031_RazibMollick_NYCSchoolsUITests.swift */,
				2784BB94290CEF6000739414 /* _0221031_RazibMollick_NYCSchoolsUITestsLaunchTests.swift */,
			);
			path = "20221031-RazibMollick-NYCSchoolsUITests";
			sourceTree = "<group>";
		};
		2784BBA1290CF65D00739414 /* AppDelegates */ = {
			isa = PBXGroup;
			children = (
				2784BB70290CEF5E00739414 /* SceneDelegate.swift */,
				2784BB6E290CEF5E00739414 /* AppDelegate.swift */,
			);
			path = AppDelegates;
			sourceTree = "<group>";
		};
		2784BBA2290CF67600739414 /* Resources */ = {
			isa = PBXGroup;
			children = (
				2784BB77290CEF5E00739414 /* _0221031_RazibMollick_NYCSchools.xcdatamodeld */,
				2784BB7C290CEF6000739414 /* LaunchScreen.storyboard */,
				2784BB7A290CEF6000739414 /* Assets.xcassets */,
			);
			path = Resources;
			sourceTree = "<group>";
		};
		2784BBA3290CF69C00739414 /* Coordinator */ = {
			isa = PBXGroup;
			children = (
				2784BBB0290FB45E00739414 /* BaseCoordinator.swift */,
				2784BBB2290FB7D300739414 /* HighSchoolListCoordinator.swift */,
			);
			path = Coordinator;
			sourceTree = "<group>";
		};
		2784BBA4290CF6F700739414 /* DataSource */ = {
			isa = PBXGroup;
			children = (
			);
			path = DataSource;
			sourceTree = "<group>";
		};
		2784BBA5290CFF8D00739414 /* Services */ = {
			isa = PBXGroup;
			children = (
				2784BBA7290DF9D200739414 /* NetworkServiceError.swift */,
				2784BBA9290DFA2B00739414 /* NetworkDispatcher.swift */,
				2784BBAB290F811800739414 /* SchoolDataFetcher.swift */,
			);
			path = Services;
			sourceTree = "<group>";
		};
		2784BBA6290D009D00739414 /* Views */ = {
			isa = PBXGroup;
			children = (
				2784BB72290CEF5E00739414 /* HighSchoolListViewController.swift */,
			);
			path = Views;
			sourceTree = "<group>";
		};
		2784BBAD290F839800739414 /* Models */ = {
			isa = PBXGroup;
			children = (
				2784BBAE290F83E700739414 /* HighSchoolNameModel.swift */,
			);
			path = Models;
			sourceTree = "<group>";
		};
		2784BBB4290FC39B00739414 /* Common */ = {
			isa = PBXGroup;
			children = (
				2784BBB5290FC3B400739414 /* AppNavigationController.swift */,
			);
			path = Common;
			sourceTree = "<group>";
		};
/* End PBXGroup section */

/* Begin PBXNativeTarget section */
		2784BB6A290CEF5E00739414 /* 20221031-RazibMollick-NYCSchools */ = {
			isa = PBXNativeTarget;
			buildConfigurationList = 2784BB98290CEF6000739414 /* Build configuration list for PBXNativeTarget "20221031-RazibMollick-NYCSchools" */;
			buildPhases = (
				2784BB67290CEF5E00739414 /* Sources */,
				2784BB68290CEF5E00739414 /* Frameworks */,
				2784BB69290CEF5E00739414 /* Resources */,
			);
			buildRules = (
			);
			dependencies = (
			);
			name = "20221031-RazibMollick-NYCSchools";
			productName = "20221031-RazibMollick-NYCSchools";
			productReference = 2784BB6B290CEF5E00739414 /* 20221031-RazibMollick-NYCSchools.app */;
			productType = "com.apple.product-type.application";
		};
		2784BB83290CEF6000739414 /* 20221031-RazibMollick-NYCSchoolsTests */ = {
			isa = PBXNativeTarget;
			buildConfigurationList = 2784BB9B290CEF6000739414 /* Build configuration list for PBXNativeTarget "20221031-RazibMollick-NYCSchoolsTests" */;
			buildPhases = (
				2784BB80290CEF6000739414 /* Sources */,
				2784BB81290CEF6000739414 /* Frameworks */,
				2784BB82290CEF6000739414 /* Resources */,
			);
			buildRules = (
			);
			dependencies = (
				2784BB86290CEF6000739414 /* PBXTargetDependency */,
			);
			name = "20221031-RazibMollick-NYCSchoolsTests";
			productName = "20221031-RazibMollick-NYCSchoolsTests";
			productReference = 2784BB84290CEF6000739414 /* 20221031-RazibMollick-NYCSchoolsTests.xctest */;
			productType = "com.apple.product-type.bundle.unit-test";
		};
		2784BB8D290CEF6000739414 /* 20221031-RazibMollick-NYCSchoolsUITests */ = {
			isa = PBXNativeTarget;
			buildConfigurationList = 2784BB9E290CEF6000739414 /* Build configuration list for PBXNativeTarget "20221031-RazibMollick-NYCSchoolsUITests" */;
			buildPhases = (
				2784BB8A290CEF6000739414 /* Sources */,
				2784BB8B290CEF6000739414 /* Frameworks */,
				2784BB8C290CEF6000739414 /* Resources */,
			);
			buildRules = (
			);
			dependencies = (
				2784BB90290CEF6000739414 /* PBXTargetDependency */,
			);
			name = "20221031-RazibMollick-NYCSchoolsUITests";
			productName = "20221031-RazibMollick-NYCSchoolsUITests";
			productReference = 2784BB8E290CEF6000739414 /* 20221031-RazibMollick-NYCSchoolsUITests.xctest */;
			productType = "com.apple.product-type.bundle.ui-testing";
		};
/* End PBXNativeTarget section */

/* Begin PBXProject section */
		2784BB63290CEF5E00739414 /* Project object */ = {
			isa = PBXProject;
			attributes = {
				BuildIndependentTargetsInParallel = 1;
				LastSwiftUpdateCheck = 1400;
				LastUpgradeCheck = 1400;
				TargetAttributes = {
					2784BB6A290CEF5E00739414 = {
						CreatedOnToolsVersion = 14.0.1;
					};
					2784BB83290CEF6000739414 = {
						CreatedOnToolsVersion = 14.0.1;
						TestTargetID = 2784BB6A290CEF5E00739414;
					};
					2784BB8D290CEF6000739414 = {
						CreatedOnToolsVersion = 14.0.1;
						TestTargetID = 2784BB6A290CEF5E00739414;
					};
				};
			};
			buildConfigurationList = 2784BB66290CEF5E00739414 /* Build configuration list for PBXProject "20221031-RazibMollick-NYCSchools" */;
			compatibilityVersion = "Xcode 14.0";
			developmentRegion = en;
			hasScannedForEncodings = 0;
			knownRegions = (
				en,
				Base,
			);
			mainGroup = 2784BB62290CEF5E00739414;
			productRefGroup = 2784BB6C290CEF5E00739414 /* Products */;
			projectDirPath = "";
			projectRoot = "";
			targets = (
				2784BB6A290CEF5E00739414 /* 20221031-RazibMollick-NYCSchools */,
				2784BB83290CEF6000739414 /* 20221031-RazibMollick-NYCSchoolsTests */,
				2784BB8D290CEF6000739414 /* 20221031-RazibMollick-NYCSchoolsUITests */,
			);
		};
/* End PBXProject section */

/* Begin PBXResourcesBuildPhase section */
		2784BB69290CEF5E00739414 /* Resources */ = {
			isa = PBXResourcesBuildPhase;
			buildActionMask = 2147483647;
			files = (
				2784BB7E290CEF6000739414 /* LaunchScreen.storyboard in Resources */,
				2784BB7B290CEF6000739414 /* Assets.xcassets in Resources */,
			);
			runOnlyForDeploymentPostprocessing = 0;
		};
		2784BB82290CEF6000739414 /* Resources */ = {
			isa = PBXResourcesBuildPhase;
			buildActionMask = 2147483647;
			files = (
			);
			runOnlyForDeploymentPostprocessing = 0;
		};
		2784BB8C290CEF6000739414 /* Resources */ = {
			isa = PBXResourcesBuildPhase;
			buildActionMask = 2147483647;
			files = (
			);
			runOnlyForDeploymentPostprocessing = 0;
		};
/* End PBXResourcesBuildPhase section */

/* Begin PBXSourcesBuildPhase section */
		2784BB67290CEF5E00739414 /* Sources */ = {
			isa = PBXSourcesBuildPhase;
			buildActionMask = 2147483647;
			files = (
				2784BBB3290FB7D300739414 /* HighSchoolListCoordinator.swift in Sources */,
				2784BBA8290DF9D200739414 /* NetworkServiceError.swift in Sources */,
				2784BBB1290FB45E00739414 /* BaseCoordinator.swift in Sources */,
				2784BB73290CEF5E00739414 /* HighSchoolListViewController.swift in Sources */,
				2784BBAC290F811800739414 /* SchoolDataFetcher.swift in Sources */,
				2784BB6F290CEF5E00739414 /* AppDelegate.swift in Sources */,
				2784BBAA290DFA2B00739414 /* NetworkDispatcher.swift in Sources */,
				2784BBB6290FC3B400739414 /* AppNavigationController.swift in Sources */,
				2784BB71290CEF5E00739414 /* SceneDelegate.swift in Sources */,
				2784BBAF290F83E700739414 /* HighSchoolNameModel.swift in Sources */,
				2784BB79290CEF5E00739414 /* _0221031_RazibMollick_NYCSchools.xcdatamodeld in Sources */,
			);
			runOnlyForDeploymentPostprocessing = 0;
		};
		2784BB80290CEF6000739414 /* Sources */ = {
			isa = PBXSourcesBuildPhase;
			buildActionMask = 2147483647;
			files = (
				2784BB89290CEF6000739414 /* _0221031_RazibMollick_NYCSchoolsTests.swift in Sources */,
			);
			runOnlyForDeploymentPostprocessing = 0;
		};
		2784BB8A290CEF6000739414 /* Sources */ = {
			isa = PBXSourcesBuildPhase;
			buildActionMask = 2147483647;
			files = (
				2784BB95290CEF6000739414 /* _0221031_RazibMollick_NYCSchoolsUITestsLaunchTests.swift in Sources */,
				2784BB93290CEF6000739414 /* _0221031_RazibMollick_NYCSchoolsUITests.swift in Sources */,
			);
			runOnlyForDeploymentPostprocessing = 0;
		};
/* End PBXSourcesBuildPhase section */

/* Begin PBXTargetDependency section */
		2784BB86290CEF6000739414 /* PBXTargetDependency */ = {
			isa = PBXTargetDependency;
			target = 2784BB6A290CEF5E00739414 /* 20221031-RazibMollick-NYCSchools */;
			targetProxy = 2784BB85290CEF6000739414 /* PBXContainerItemProxy */;
		};
		2784BB90290CEF6000739414 /* PBXTargetDependency */ = {
			isa = PBXTargetDependency;
			target = 2784BB6A290CEF5E00739414 /* 20221031-RazibMollick-NYCSchools */;
			targetProxy = 2784BB8F290CEF6000739414 /* PBXContainerItemProxy */;
		};
/* End PBXTargetDependency section */

/* Begin PBXVariantGroup section */
		2784BB7C290CEF6000739414 /* LaunchScreen.storyboard */ = {
			isa = PBXVariantGroup;
			children = (
				2784BB7D290CEF6000739414 /* Base */,
			);
			name = LaunchScreen.storyboard;
			sourceTree = "<group>";
		};
/* End PBXVariantGroup section */

/* Begin XCBuildConfiguration section */
		2784BB96290CEF6000739414 /* Debug */ = {
			isa = XCBuildConfiguration;
			buildSettings = {
				ALWAYS_SEARCH_USER_PATHS = NO;
				CLANG_ANALYZER_NONNULL = YES;
				CLANG_ANALYZER_NUMBER_OBJECT_CONVERSION = YES_AGGRESSIVE;
				CLANG_CXX_LANGUAGE_STANDARD = "gnu++20";
				CLANG_ENABLE_MODULES = YES;
				CLANG_ENABLE_OBJC_ARC = YES;
				CLANG_ENABLE_OBJC_WEAK = YES;
				CLANG_WARN_BLOCK_CAPTURE_AUTORELEASING = YES;
				CLANG_WARN_BOOL_CONVERSION = YES;
				CLANG_WARN_COMMA = YES;
				CLANG_WARN_CONSTANT_CONVERSION = YES;
				CLANG_WARN_DEPRECATED_OBJC_IMPLEMENTATIONS = YES;
				CLANG_WARN_DIRECT_OBJC_ISA_USAGE = YES_ERROR;
				CLANG_WARN_DOCUMENTATION_COMMENTS = YES;
				CLANG_WARN_EMPTY_BODY = YES;
				CLANG_WARN_ENUM_CONVERSION = YES;
				CLANG_WARN_INFINITE_RECURSION = YES;
				CLANG_WARN_INT_CONVERSION = YES;
				CLANG_WARN_NON_LITERAL_NULL_CONVERSION = YES;
				CLANG_WARN_OBJC_IMPLICIT_RETAIN_SELF = YES;
				CLANG_WARN_OBJC_LITERAL_CONVERSION = YES;
				CLANG_WARN_OBJC_ROOT_CLASS = YES_ERROR;
				CLANG_WARN_QUOTED_INCLUDE_IN_FRAMEWORK_HEADER = YES;
				CLANG_WARN_RANGE_LOOP_ANALYSIS = YES;
				CLANG_WARN_STRICT_PROTOTYPES = YES;
				CLANG_WARN_SUSPICIOUS_MOVE = YES;
				CLANG_WARN_UNGUARDED_AVAILABILITY = YES_AGGRESSIVE;
				CLANG_WARN_UNREACHABLE_CODE = YES;
				CLANG_WARN__DUPLICATE_METHOD_MATCH = YES;
				COPY_PHASE_STRIP = NO;
				DEBUG_INFORMATION_FORMAT = dwarf;
				ENABLE_STRICT_OBJC_MSGSEND = YES;
				ENABLE_TESTABILITY = YES;
				GCC_C_LANGUAGE_STANDARD = gnu11;
				GCC_DYNAMIC_NO_PIC = NO;
				GCC_NO_COMMON_BLOCKS = YES;
				GCC_OPTIMIZATION_LEVEL = 0;
				GCC_PREPROCESSOR_DEFINITIONS = (
					"DEBUG=1",
					"$(inherited)",
				);
				GCC_WARN_64_TO_32_BIT_CONVERSION = YES;
				GCC_WARN_ABOUT_RETURN_TYPE = YES_ERROR;
				GCC_WARN_UNDECLARED_SELECTOR = YES;
				GCC_WARN_UNINITIALIZED_AUTOS = YES_AGGRESSIVE;
				GCC_WARN_UNUSED_FUNCTION = YES;
				GCC_WARN_UNUSED_VARIABLE = YES;
				IPHONEOS_DEPLOYMENT_TARGET = 16.0;
				MTL_ENABLE_DEBUG_INFO = INCLUDE_SOURCE;
				MTL_FAST_MATH = YES;
				ONLY_ACTIVE_ARCH = YES;
				SDKROOT = iphoneos;
				SWIFT_ACTIVE_COMPILATION_CONDITIONS = DEBUG;
				SWIFT_OPTIMIZATION_LEVEL = "-Onone";
			};
			name = Debug;
		};
		2784BB97290CEF6000739414 /* Release */ = {
			isa = XCBuildConfiguration;
			buildSettings = {
				ALWAYS_SEARCH_USER_PATHS = NO;
				CLANG_ANALYZER_NONNULL = YES;
				CLANG_ANALYZER_NUMBER_OBJECT_CONVERSION = YES_AGGRESSIVE;
				CLANG_CXX_LANGUAGE_STANDARD = "gnu++20";
				CLANG_ENABLE_MODULES = YES;
				CLANG_ENABLE_OBJC_ARC = YES;
				CLANG_ENABLE_OBJC_WEAK = YES;
				CLANG_WARN_BLOCK_CAPTURE_AUTORELEASING = YES;
				CLANG_WARN_BOOL_CONVERSION = YES;
				CLANG_WARN_COMMA = YES;
				CLANG_WARN_CONSTANT_CONVERSION = YES;
				CLANG_WARN_DEPRECATED_OBJC_IMPLEMENTATIONS = YES;
				CLANG_WARN_DIRECT_OBJC_ISA_USAGE = YES_ERROR;
				CLANG_WARN_DOCUMENTATION_COMMENTS = YES;
				CLANG_WARN_EMPTY_BODY = YES;
				CLANG_WARN_ENUM_CONVERSION = YES;
				CLANG_WARN_INFINITE_RECURSION = YES;
				CLANG_WARN_INT_CONVERSION = YES;
				CLANG_WARN_NON_LITERAL_NULL_CONVERSION = YES;
				CLANG_WARN_OBJC_IMPLICIT_RETAIN_SELF = YES;
				CLANG_WARN_OBJC_LITERAL_CONVERSION = YES;
				CLANG_WARN_OBJC_ROOT_CLASS = YES_ERROR;
				CLANG_WARN_QUOTED_INCLUDE_IN_FRAMEWORK_HEADER = YES;
				CLANG_WARN_RANGE_LOOP_ANALYSIS = YES;
				CLANG_WARN_STRICT_PROTOTYPES = YES;
				CLANG_WARN_SUSPICIOUS_MOVE = YES;
				CLANG_WARN_UNGUARDED_AVAILABILITY = YES_AGGRESSIVE;
				CLANG_WARN_UNREACHABLE_CODE = YES;
				CLANG_WARN__DUPLICATE_METHOD_MATCH = YES;
				COPY_PHASE_STRIP = NO;
				DEBUG_INFORMATION_FORMAT = "dwarf-with-dsym";
				ENABLE_NS_ASSERTIONS = NO;
				ENABLE_STRICT_OBJC_MSGSEND = YES;
				GCC_C_LANGUAGE_STANDARD = gnu11;
				GCC_NO_COMMON_BLOCKS = YES;
				GCC_WARN_64_TO_32_BIT_CONVERSION = YES;
				GCC_WARN_ABOUT_RETURN_TYPE = YES_ERROR;
				GCC_WARN_UNDECLARED_SELECTOR = YES;
				GCC_WARN_UNINITIALIZED_AUTOS = YES_AGGRESSIVE;
				GCC_WARN_UNUSED_FUNCTION = YES;
				GCC_WARN_UNUSED_VARIABLE = YES;
				IPHONEOS_DEPLOYMENT_TARGET = 16.0;
				MTL_ENABLE_DEBUG_INFO = NO;
				MTL_FAST_MATH = YES;
				SDKROOT = iphoneos;
				SWIFT_COMPILATION_MODE = wholemodule;
				SWIFT_OPTIMIZATION_LEVEL = "-O";
				VALIDATE_PRODUCT = YES;
			};
			name = Release;
		};
		2784BB99290CEF6000739414 /* Debug */ = {
			isa = XCBuildConfiguration;
			buildSettings = {
				ASSETCATALOG_COMPILER_APPICON_NAME = AppIcon;
				ASSETCATALOG_COMPILER_GLOBAL_ACCENT_COLOR_NAME = AccentColor;
				CODE_SIGN_STYLE = Automatic;
				CURRENT_PROJECT_VERSION = 1;
				GENERATE_INFOPLIST_FILE = YES;
				INFOPLIST_FILE = "20221031-RazibMollick-NYCSchools/Info.plist";
				INFOPLIST_KEY_UIApplicationSupportsIndirectInputEvents = YES;
				INFOPLIST_KEY_UILaunchStoryboardName = LaunchScreen;
				INFOPLIST_KEY_UIMainStoryboardFile = "";
				INFOPLIST_KEY_UISupportedInterfaceOrientations_iPad = "UIInterfaceOrientationPortrait UIInterfaceOrientationPortraitUpsideDown UIInterfaceOrientationLandscapeLeft UIInterfaceOrientationLandscapeRight";
				INFOPLIST_KEY_UISupportedInterfaceOrientations_iPhone = "UIInterfaceOrientationPortrait UIInterfaceOrientationLandscapeLeft UIInterfaceOrientationLandscapeRight";
				LD_RUNPATH_SEARCH_PATHS = (
					"$(inherited)",
					"@executable_path/Frameworks",
				);
				MARKETING_VERSION = 1.0;
				PRODUCT_BUNDLE_IDENTIFIER = "com.rio.-0221031-RazibMollick-NYCSchools";
				PRODUCT_NAME = "$(TARGET_NAME)";
				SWIFT_EMIT_LOC_STRINGS = YES;
				SWIFT_VERSION = 5.0;
				TARGETED_DEVICE_FAMILY = "1,2";
			};
			name = Debug;
		};
		2784BB9A290CEF6000739414 /* Release */ = {
			isa = XCBuildConfiguration;
			buildSettings = {
				ASSETCATALOG_COMPILER_APPICON_NAME = AppIcon;
				ASSETCATALOG_COMPILER_GLOBAL_ACCENT_COLOR_NAME = AccentColor;
				CODE_SIGN_STYLE = Automatic;
				CURRENT_PROJECT_VERSION = 1;
				GENERATE_INFOPLIST_FILE = YES;
				INFOPLIST_FILE = "20221031-RazibMollick-NYCSchools/Info.plist";
				INFOPLIST_KEY_UIApplicationSupportsIndirectInputEvents = YES;
				INFOPLIST_KEY_UILaunchStoryboardName = LaunchScreen;
				INFOPLIST_KEY_UIMainStoryboardFile = "";
				INFOPLIST_KEY_UISupportedInterfaceOrientations_iPad = "UIInterfaceOrientationPortrait UIInterfaceOrientationPortraitUpsideDown UIInterfaceOrientationLandscapeLeft UIInterfaceOrientationLandscapeRight";
				INFOPLIST_KEY_UISupportedInterfaceOrientations_iPhone = "UIInterfaceOrientationPortrait UIInterfaceOrientationLandscapeLeft UIInterfaceOrientationLandscapeRight";
				LD_RUNPATH_SEARCH_PATHS = (
					"$(inherited)",
					"@executable_path/Frameworks",
				);
				MARKETING_VERSION = 1.0;
				PRODUCT_BUNDLE_IDENTIFIER = "com.rio.-0221031-RazibMollick-NYCSchools";
				PRODUCT_NAME = "$(TARGET_NAME)";
				SWIFT_EMIT_LOC_STRINGS = YES;
				SWIFT_VERSION = 5.0;
				TARGETED_DEVICE_FAMILY = "1,2";
			};
			name = Release;
		};
		2784BB9C290CEF6000739414 /* Debug */ = {
			isa = XCBuildConfiguration;
			buildSettings = {
				ALWAYS_EMBED_SWIFT_STANDARD_LIBRARIES = YES;
				BUNDLE_LOADER = "$(TEST_HOST)";
				CODE_SIGN_STYLE = Automatic;
				CURRENT_PROJECT_VERSION = 1;
				GENERATE_INFOPLIST_FILE = YES;
				IPHONEOS_DEPLOYMENT_TARGET = 16.0;
				MARKETING_VERSION = 1.0;
				PRODUCT_BUNDLE_IDENTIFIER = "com.rio.-0221031-RazibMollick-NYCSchoolsTests";
				PRODUCT_NAME = "$(TARGET_NAME)";
				SWIFT_EMIT_LOC_STRINGS = NO;
				SWIFT_VERSION = 5.0;
				TARGETED_DEVICE_FAMILY = "1,2";
				TEST_HOST = "$(BUILT_PRODUCTS_DIR)/20221031-RazibMollick-NYCSchools.app/$(BUNDLE_EXECUTABLE_FOLDER_PATH)/20221031-RazibMollick-NYCSchools";
			};
			name = Debug;
		};
		2784BB9D290CEF6000739414 /* Release */ = {
			isa = XCBuildConfiguration;
			buildSettings = {
				ALWAYS_EMBED_SWIFT_STANDARD_LIBRARIES = YES;
				BUNDLE_LOADER = "$(TEST_HOST)";
				CODE_SIGN_STYLE = Automatic;
				CURRENT_PROJECT_VERSION = 1;
				GENERATE_INFOPLIST_FILE = YES;
				IPHONEOS_DEPLOYMENT_TARGET = 16.0;
				MARKETING_VERSION = 1.0;
				PRODUCT_BUNDLE_IDENTIFIER = "com.rio.-0221031-RazibMollick-NYCSchoolsTests";
				PRODUCT_NAME = "$(TARGET_NAME)";
				SWIFT_EMIT_LOC_STRINGS = NO;
				SWIFT_VERSION = 5.0;
				TARGETED_DEVICE_FAMILY = "1,2";
				TEST_HOST = "$(BUILT_PRODUCTS_DIR)/20221031-RazibMollick-NYCSchools.app/$(BUNDLE_EXECUTABLE_FOLDER_PATH)/20221031-RazibMollick-NYCSchools";
			};
			name = Release;
		};
		2784BB9F290CEF6000739414 /* Debug */ = {
			isa = XCBuildConfiguration;
			buildSettings = {
				ALWAYS_EMBED_SWIFT_STANDARD_LIBRARIES = YES;
				CODE_SIGN_STYLE = Automatic;
				CURRENT_PROJECT_VERSION = 1;
				GENERATE_INFOPLIST_FILE = YES;
				MARKETING_VERSION = 1.0;
				PRODUCT_BUNDLE_IDENTIFIER = "com.rio.-0221031-RazibMollick-NYCSchoolsUITests";
				PRODUCT_NAME = "$(TARGET_NAME)";
				SWIFT_EMIT_LOC_STRINGS = NO;
				SWIFT_VERSION = 5.0;
				TARGETED_DEVICE_FAMILY = "1,2";
				TEST_TARGET_NAME = "20221031-RazibMollick-NYCSchools";
			};
			name = Debug;
		};
		2784BBA0290CEF6000739414 /* Release */ = {
			isa = XCBuildConfiguration;
			buildSettings = {
				ALWAYS_EMBED_SWIFT_STANDARD_LIBRARIES = YES;
				CODE_SIGN_STYLE = Automatic;
				CURRENT_PROJECT_VERSION = 1;
				GENERATE_INFOPLIST_FILE = YES;
				MARKETING_VERSION = 1.0;
				PRODUCT_BUNDLE_IDENTIFIER = "com.rio.-0221031-RazibMollick-NYCSchoolsUITests";
				PRODUCT_NAME = "$(TARGET_NAME)";
				SWIFT_EMIT_LOC_STRINGS = NO;
				SWIFT_VERSION = 5.0;
				TARGETED_DEVICE_FAMILY = "1,2";
				TEST_TARGET_NAME = "20221031-RazibMollick-NYCSchools";
			};
			name = Release;
		};
/* End XCBuildConfiguration section */

/* Begin XCConfigurationList section */
		2784BB66290CEF5E00739414 /* Build configuration list for PBXProject "20221031-RazibMollick-NYCSchools" */ = {
			isa = XCConfigurationList;
			buildConfigurations = (
				2784BB96290CEF6000739414 /* Debug */,
				2784BB97290CEF6000739414 /* Release */,
			);
			defaultConfigurationIsVisible = 0;
			defaultConfigurationName = Release;
		};
		2784BB98290CEF6000739414 /* Build configuration list for PBXNativeTarget "20221031-RazibMollick-NYCSchools" */ = {
			isa = XCConfigurationList;
			buildConfigurations = (
				2784BB99290CEF6000739414 /* Debug */,
				2784BB9A290CEF6000739414 /* Release */,
			);
			defaultConfigurationIsVisible = 0;
			defaultConfigurationName = Release;
		};
		2784BB9B290CEF6000739414 /* Build configuration list for PBXNativeTarget "20221031-RazibMollick-NYCSchoolsTests" */ = {
			isa = XCConfigurationList;
			buildConfigurations = (
				2784BB9C290CEF6000739414 /* Debug */,
				2784BB9D290CEF6000739414 /* Release */,
			);
			defaultConfigurationIsVisible = 0;
			defaultConfigurationName = Release;
		};
		2784BB9E290CEF6000739414 /* Build configuration list for PBXNativeTarget "20221031-RazibMollick-NYCSchoolsUITests" */ = {
			isa = XCConfigurationList;
			buildConfigurations = (
				2784BB9F290CEF6000739414 /* Debug */,
				2784BBA0290CEF6000739414 /* Release */,
			);
			defaultConfigurationIsVisible = 0;
			defaultConfigurationName = Release;
		};
/* End XCConfigurationList section */

/* Begin XCVersionGroup section */
		2784BB77290CEF5E00739414 /* _0221031_RazibMollick_NYCSchools.xcdatamodeld */ = {
			isa = XCVersionGroup;
			children = (
				2784BB78290CEF5E00739414 /* _0221031_RazibMollick_NYCSchools.xcdatamodel */,
			);
			currentVersion = 2784BB78290CEF5E00739414 /* _0221031_RazibMollick_NYCSchools.xcdatamodel */;
			path = _0221031_RazibMollick_NYCSchools.xcdatamodeld;
			sourceTree = "<group>";
			versionGroupType = wrapper.xcdatamodel;
		};
/* End XCVersionGroup section */
	};
	rootObject = 2784BB63290CEF5E00739414 /* Project object */;
}
